
Microsoft Visual Studio Solution File, Format Version 12.00
# Visual Studio 15
VisualStudioVersion = 15.0.27130.2026
MinimumVisualStudioVersion = 10.0.40219.1
Project("{FAE04EC0-301F-11D3-BF4B-00C04F79EFBC}") = "Calculator", "Calculator\Calculator.csproj", "{75CB46A3-A30C-4CBD-92ED-3B9A47C923E4}"
EndProject
Project("{FAE04EC0-301F-11D3-BF4B-00C04F79EFBC}") = "Calculator.Lib", "Calculator.Lib\Calculator.Lib.csproj", "{10F3861F-0753-4358-BC09-81F2F5CA09E9}"
EndProject
Project("{FAE04EC0-301F-11D3-BF4B-00C04F79EFBC}") = "Calculator.Tests", "Calculator.Tests\Calculator.Tests.csproj", "{317D82EB-1990-40D7-99B3-6710ECB35F2B}"
EndProject
Global
	GlobalSection(SolutionConfigurationPlatforms) = preSolution
		Debug|Any CPU = Debug|Any CPU
		Release|Any CPU = Release|Any CPU
	EndGlobalSection
	GlobalSection(ProjectConfigurationPlatforms) = postSolution
		{75CB46A3-A30C-4CBD-92ED-3B9A47C923E4}.Debug|Any CPU.ActiveCfg = Debug|Any CPU
		{75CB46A3-A30C-4CBD-92ED-3B9A47C923E4}.Debug|Any CPU.Build.0 = Debug|Any CPU
		{75CB46A3-A30C-4CBD-92ED-3B9A47C923E4}.Release|Any CPU.ActiveCfg = Release|Any CPU
		{75CB46A3-A30C-4CBD-92ED-3B9A47C923E4}.Release|Any CPU.Build.0 = Release|Any CPU
		{10F3861F-0753-4358-BC09-81F2F5CA09E9}.Debug|Any CPU.ActiveCfg = Debug|Any CPU
		{10F3861F-0753-4358-BC09-81F2F5CA09E9}.Debug|Any CPU.Build.0 = Debug|Any CPU
		{10F3861F-0753-4358-BC09-81F2F5CA09E9}.Release|Any CPU.ActiveCfg = Release|Any CPU
		{10F3861F-0753-4358-BC09-81F2F5CA09E9}.Release|Any CPU.Build.0 = Release|Any CPU
		{317D82EB-1990-40D7-99B3-6710ECB35F2B}.Debug|Any CPU.ActiveCfg = Debug|Any CPU
		{317D82EB-1990-40D7-99B3-6710ECB35F2B}.Debug|Any CPU.Build.0 = Debug|Any CPU
		{317D82EB-1990-40D7-99B3-6710ECB35F2B}.Release|Any CPU.ActiveCfg = Release|Any CPU
		{317D82EB-1990-40D7-99B3-6710ECB35F2B}.Release|Any CPU.Build.0 = Release|Any CPU
	EndGlobalSection
	GlobalSection(SolutionProperties) = preSolution
		HideSolutionNode = FALSE
	EndGlobalSection
	GlobalSection(ExtensibilityGlobals) = postSolution
		SolutionGuid = {1A95202D-7DF0-4911-9171-8C9EE52D5CD9}
	EndGlobalSection
EndGlobal
